$ANSIBLE_VAULT;1.1;AES256
31633030356463313131386266303466653132383435616137363731646438653835386364396363
3438336235336566376130316636613465633262373934370a333339303864356230643139313033
32616238316633666134336530323462313439333961633830656465306266633535336336623630
3165343338343866350a643630656632373061653532383933666138363664616131653634343237
30393236393834623733633661653832396237656232646563643133336235643532
